// !$*UTF8*$!
{
	archiveVersion = 1;
	classes = {
	};
	objectVersion = 50;
	objects = {

/* Begin PBXBuildFile section */
		842B56EC226C6AE100EF5A57 /* QuestionType.swift in Sources */ = {isa = PBXBuildFile; fileRef = 842B56EB226C6AE100EF5A57 /* QuestionType.swift */; };
		842B56EE226C6B2100EF5A57 /* QuizService.swift in Sources */ = {isa = PBXBuildFile; fileRef = 842B56ED226C6B2100EF5A57 /* QuizService.swift */; };
		842B56F0226C6B4A00EF5A57 /* QuizQuestions.swift in Sources */ = {isa = PBXBuildFile; fileRef = 842B56EF226C6B4A00EF5A57 /* QuizQuestions.swift */; };
		842BA1E92269DD08005838B2 /* Person.swift in Sources */ = {isa = PBXBuildFile; fileRef = 842BA1E82269DD08005838B2 /* Person.swift */; };
		842BA1EB2269DECC005838B2 /* Alert.swift in Sources */ = {isa = PBXBuildFile; fileRef = 842BA1EA2269DECC005838B2 /* Alert.swift */; };
		842BA1ED2269E430005838B2 /* QuizVC.swift in Sources */ = {isa = PBXBuildFile; fileRef = 842BA1EC2269E430005838B2 /* QuizVC.swift */; };
		842BA1EF226A24FB005838B2 /* QuestionCollectionViewCell.swift in Sources */ = {isa = PBXBuildFile; fileRef = 842BA1EE226A24FB005838B2 /* QuestionCollectionViewCell.swift */; };
		842BA1F1226AE28C005838B2 /* CoreData.swift in Sources */ = {isa = PBXBuildFile; fileRef = 842BA1F0226AE28C005838B2 /* CoreData.swift */; };
		842BA1F3226AE83D005838B2 /* CongratsVC.swift in Sources */ = {isa = PBXBuildFile; fileRef = 842BA1F2226AE83D005838B2 /* CongratsVC.swift */; };
		842BA1F5226B0A7D005838B2 /* HistoryVC.swift in Sources */ = {isa = PBXBuildFile; fileRef = 842BA1F4226B0A7D005838B2 /* HistoryVC.swift */; };
		842BA1F7226B365F005838B2 /* HistoryTableViewCell.swift in Sources */ = {isa = PBXBuildFile; fileRef = 842BA1F6226B365F005838B2 /* HistoryTableViewCell.swift */; };
		842BA1F9226B69F6005838B2 /* DetailsViewController.swift in Sources */ = {isa = PBXBuildFile; fileRef = 842BA1F8226B69F6005838B2 /* DetailsViewController.swift */; };
		847A240E2268868B006B9942 /* AppDelegate.swift in Sources */ = {isa = PBXBuildFile; fileRef = 847A240D2268868B006B9942 /* AppDelegate.swift */; };
		847A24102268868B006B9942 /* MainVC.swift in Sources */ = {isa = PBXBuildFile; fileRef = 847A240F2268868B006B9942 /* MainVC.swift */; };
		847A24162268868B006B9942 /* Trivia.xcdatamodeld in Sources */ = {isa = PBXBuildFile; fileRef = 847A24142268868B006B9942 /* Trivia.xcdatamodeld */; };
		847A24182268868D006B9942 /* Assets.xcassets in Resources */ = {isa = PBXBuildFile; fileRef = 847A24172268868D006B9942 /* Assets.xcassets */; };
		847A24252268A8A9006B9942 /* LaunchScreen.storyboard in Resources */ = {isa = PBXBuildFile; fileRef = 847A24242268A8A9006B9942 /* LaunchScreen.storyboard */; };
		847A24292268CE00006B9942 /* SplashVC.swift in Sources */ = {isa = PBXBuildFile; fileRef = 847A24282268CE00006B9942 /* SplashVC.swift */; };
		847A242B2268EACD006B9942 /* Extensions.swift in Sources */ = {isa = PBXBuildFile; fileRef = 847A242A2268EACD006B9942 /* Extensions.swift */; };
/* End PBXBuildFile section */

/* Begin PBXFileReference section */
		842B56EB226C6AE100EF5A57 /* QuestionType.swift */ = {isa = PBXFileReference; lastKnownFileType = sourcecode.swift; path = QuestionType.swift; sourceTree = "<group>"; };
		842B56ED226C6B2100EF5A57 /* QuizService.swift */ = {isa = PBXFileReference; lastKnownFileType = sourcecode.swift; path = QuizService.swift; sourceTree = "<group>"; };
		842B56EF226C6B4A00EF5A57 /* QuizQuestions.swift */ = {isa = PBXFileReference; lastKnownFileType = sourcecode.swift; path = QuizQuestions.swift; sourceTree = "<group>"; };
		842BA1E82269DD08005838B2 /* Person.swift */ = {isa = PBXFileReference; lastKnownFileType = sourcecode.swift; path = Person.swift; sourceTree = "<group>"; };
		842BA1EA2269DECC005838B2 /* Alert.swift */ = {isa = PBXFileReference; lastKnownFileType = sourcecode.swift; path = Alert.swift; sourceTree = "<group>"; };
		842BA1EC2269E430005838B2 /* QuizVC.swift */ = {isa = PBXFileReference; lastKnownFileType = sourcecode.swift; path = QuizVC.swift; sourceTree = "<group>"; };
		842BA1EE226A24FB005838B2 /* QuestionCollectionViewCell.swift */ = {isa = PBXFileReference; lastKnownFileType = sourcecode.swift; path = QuestionCollectionViewCell.swift; sourceTree = "<group>"; };
		842BA1F0226AE28C005838B2 /* CoreData.swift */ = {isa = PBXFileReference; lastKnownFileType = sourcecode.swift; path = CoreData.swift; sourceTree = "<group>"; };
		842BA1F2226AE83D005838B2 /* CongratsVC.swift */ = {isa = PBXFileReference; lastKnownFileType = sourcecode.swift; path = CongratsVC.swift; sourceTree = "<group>"; };
		842BA1F4226B0A7D005838B2 /* HistoryVC.swift */ = {isa = PBXFileReference; lastKnownFileType = sourcecode.swift; path = HistoryVC.swift; sourceTree = "<group>"; };
		842BA1F6226B365F005838B2 /* HistoryTableViewCell.swift */ = {isa = PBXFileReference; lastKnownFileType = sourcecode.swift; path = HistoryTableViewCell.swift; sourceTree = "<group>"; };
		842BA1F8226B69F6005838B2 /* DetailsViewController.swift */ = {isa = PBXFileReference; lastKnownFileType = sourcecode.swift; path = DetailsViewController.swift; sourceTree = "<group>"; };
		847A240A2268868B006B9942 /* Trivia.app */ = {isa = PBXFileReference; explicitFileType = wrapper.application; includeInIndex = 0; path = Trivia.app; sourceTree = BUILT_PRODUCTS_DIR; };
		847A240D2268868B006B9942 /* AppDelegate.swift */ = {isa = PBXFileReference; lastKnownFileType = sourcecode.swift; path = AppDelegate.swift; sourceTree = "<group>"; };
		847A240F2268868B006B9942 /* MainVC.swift */ = {isa = PBXFileReference; lastKnownFileType = sourcecode.swift; path = MainVC.swift; sourceTree = "<group>"; };
		847A24152268868B006B9942 /* Trivia.xcdatamodel */ = {isa = PBXFileReference; lastKnownFileType = wrapper.xcdatamodel; path = Trivia.xcdatamodel; sourceTree = "<group>"; };
		847A24172268868D006B9942 /* Assets.xcassets */ = {isa = PBXFileReference; lastKnownFileType = folder.assetcatalog; path = Assets.xcassets; sourceTree = "<group>"; };
		847A241C2268868D006B9942 /* Info.plist */ = {isa = PBXFileReference; lastKnownFileType = text.plist.xml; path = Info.plist; sourceTree = "<group>"; };
		847A24242268A8A9006B9942 /* LaunchScreen.storyboard */ = {isa = PBXFileReference; fileEncoding = 4; lastKnownFileType = file.storyboard; path = LaunchScreen.storyboard; sourceTree = "<group>"; };
		847A24282268CE00006B9942 /* SplashVC.swift */ = {isa = PBXFileReference; lastKnownFileType = sourcecode.swift; path = SplashVC.swift; sourceTree = "<group>"; };
		847A242A2268EACD006B9942 /* Extensions.swift */ = {isa = PBXFileReference; lastKnownFileType = sourcecode.swift; path = Extensions.swift; sourceTree = "<group>"; };
/* End PBXFileReference section */

/* Begin PBXFrameworksBuildPhase section */
		847A24072268868B006B9942 /* Frameworks */ = {
			isa = PBXFrameworksBuildPhase;
			buildActionMask = 2147483647;
			files = (
			);
			runOnlyForDeploymentPostprocessing = 0;
		};
/* End PBXFrameworksBuildPhase section */

/* Begin PBXGroup section */
		842B56EA226C6AA500EF5A57 /* Cells */ = {
			isa = PBXGroup;
			children = (
				842BA1EE226A24FB005838B2 /* QuestionCollectionViewCell.swift */,
				842BA1F6226B365F005838B2 /* HistoryTableViewCell.swift */,
			);
			path = Cells;
			sourceTree = "<group>";
		};
		842B56F2226C6BA900EF5A57 /* LunchScreen Animation */ = {
			isa = PBXGroup;
			children = (
				847A24282268CE00006B9942 /* SplashVC.swift */,
			);
			path = "LunchScreen Animation";
			sourceTree = "<group>";
		};
		842BA1E52269DA30005838B2 /* Controller */ = {
			isa = PBXGroup;
			children = (
				847A240F2268868B006B9942 /* MainVC.swift */,
				842BA1EC2269E430005838B2 /* QuizVC.swift */,
				842BA1F2226AE83D005838B2 /* CongratsVC.swift */,
				842BA1F4226B0A7D005838B2 /* HistoryVC.swift */,
				842BA1F8226B69F6005838B2 /* DetailsViewController.swift */,
			);
			path = Controller;
			sourceTree = "<group>";
		};
		842BA1E62269DA37005838B2 /* View */ = {
			isa = PBXGroup;
			children = (
				842B56F2226C6BA900EF5A57 /* LunchScreen Animation */,
				842B56EA226C6AA500EF5A57 /* Cells */,
				847A242A2268EACD006B9942 /* Extensions.swift */,
				842BA1EA2269DECC005838B2 /* Alert.swift */,
				847A24172268868D006B9942 /* Assets.xcassets */,
				847A24242268A8A9006B9942 /* LaunchScreen.storyboard */,
			);
			path = View;
			sourceTree = "<group>";
		};
		842BA1E72269DA3D005838B2 /* Model */ = {
			isa = PBXGroup;
			children = (
				842BA1E82269DD08005838B2 /* Person.swift */,
				842BA1F0226AE28C005838B2 /* CoreData.swift */,
				842B56EB226C6AE100EF5A57 /* QuestionType.swift */,
				842B56ED226C6B2100EF5A57 /* QuizService.swift */,
				842B56EF226C6B4A00EF5A57 /* QuizQuestions.swift */,
				847A24142268868B006B9942 /* Trivia.xcdatamodeld */,
			);
			path = Model;
			sourceTree = "<group>";
		};
		847A24012268868B006B9942 = {
			isa = PBXGroup;
			children = (
				847A240C2268868B006B9942 /* Trivia */,
				847A240B2268868B006B9942 /* Products */,
			);
			sourceTree = "<group>";
		};
		847A240B2268868B006B9942 /* Products */ = {
			isa = PBXGroup;
			children = (
				847A240A2268868B006B9942 /* Trivia.app */,
			);
			name = Products;
			sourceTree = "<group>";
		};
		847A240C2268868B006B9942 /* Trivia */ = {
			isa = PBXGroup;
			children = (
				842BA1E72269DA3D005838B2 /* Model */,
				842BA1E62269DA37005838B2 /* View */,
				842BA1E52269DA30005838B2 /* Controller */,
				847A240D2268868B006B9942 /* AppDelegate.swift */,
				847A241C2268868D006B9942 /* Info.plist */,
			);
			path = Trivia;
			sourceTree = "<group>";
		};
/* End PBXGroup section */

/* Begin PBXNativeTarget section */
		847A24092268868B006B9942 /* Trivia */ = {
			isa = PBXNativeTarget;
			buildConfigurationList = 847A241F2268868D006B9942 /* Build configuration list for PBXNativeTarget "Trivia" */;
			buildPhases = (
				847A24062268868B006B9942 /* Sources */,
				847A24072268868B006B9942 /* Frameworks */,
				847A24082268868B006B9942 /* Resources */,
			);
			buildRules = (
			);
			dependencies = (
			);
			name = Trivia;
			productName = Trivia;
			productReference = 847A240A2268868B006B9942 /* Trivia.app */;
			productType = "com.apple.product-type.application";
		};
/* End PBXNativeTarget section */

/* Begin PBXProject section */
		847A24022268868B006B9942 /* Project object */ = {
			isa = PBXProject;
			attributes = {
				LastSwiftUpdateCheck = 1010;
				LastUpgradeCheck = 1010;
				ORGANIZATIONNAME = AcknoTech;
				TargetAttributes = {
					847A24092268868B006B9942 = {
						CreatedOnToolsVersion = 10.1;
					};
				};
			};
			buildConfigurationList = 847A24052268868B006B9942 /* Build configuration list for PBXProject "Trivia" */;
			compatibilityVersion = "Xcode 9.3";
			developmentRegion = en;
			hasScannedForEncodings = 0;
			knownRegions = (
				en,
				Base,
			);
			mainGroup = 847A24012268868B006B9942;
			productRefGroup = 847A240B2268868B006B9942 /* Products */;
			projectDirPath = "";
			projectRoot = "";
			targets = (
				847A24092268868B006B9942 /* Trivia */,
			);
		};
/* End PBXProject section */

/* Begin PBXResourcesBuildPhase section */
		847A24082268868B006B9942 /* Resources */ = {
			isa = PBXResourcesBuildPhase;
			buildActionMask = 2147483647;
			files = (
				847A24182268868D006B9942 /* Assets.xcassets in Resources */,
				847A24252268A8A9006B9942 /* LaunchScreen.storyboard in Resources */,
			);
			runOnlyForDeploymentPostprocessing = 0;
		};
/* End PBXResourcesBuildPhase section */

/* Begin PBXSourcesBuildPhase section */
		847A24062268868B006B9942 /* Sources */ = {
			isa = PBXSourcesBuildPhase;
			buildActionMask = 2147483647;
			files = (
				842BA1E92269DD08005838B2 /* Person.swift in Sources */,
				842BA1F5226B0A7D005838B2 /* HistoryVC.swift in Sources */,
				842BA1F7226B365F005838B2 /* HistoryTableViewCell.swift in Sources */,
				842BA1ED2269E430005838B2 /* QuizVC.swift in Sources */,
				842B56EC226C6AE100EF5A57 /* QuestionType.swift in Sources */,
				847A242B2268EACD006B9942 /* Extensions.swift in Sources */,
				842B56EE226C6B2100EF5A57 /* QuizService.swift in Sources */,
				842B56F0226C6B4A00EF5A57 /* QuizQuestions.swift in Sources */,
				847A24102268868B006B9942 /* MainVC.swift in Sources */,
				842BA1F1226AE28C005838B2 /* CoreData.swift in Sources */,
				842BA1EF226A24FB005838B2 /* QuestionCollectionViewCell.swift in Sources */,
				847A240E2268868B006B9942 /* AppDelegate.swift in Sources */,
				847A24162268868B006B9942 /* Trivia.xcdatamodeld in Sources */,
				847A24292268CE00006B9942 /* SplashVC.swift in Sources */,
				842BA1F9226B69F6005838B2 /* DetailsViewController.swift in Sources */,
				842BA1EB2269DECC005838B2 /* Alert.swift in Sources */,
				842BA1F3226AE83D005838B2 /* CongratsVC.swift in Sources */,
			);
			runOnlyForDeploymentPostprocessing = 0;
		};
/* End PBXSourcesBuildPhase section */

/* Begin XCBuildConfiguration section */
		847A241D2268868D006B9942 /* Debug */ = {
			isa = XCBuildConfiguration;
			buildSettings = {
				ALWAYS_SEARCH_USER_PATHS = NO;
				CLANG_ANALYZER_NONNULL = YES;
				CLANG_ANALYZER_NUMBER_OBJECT_CONVERSION = YES_AGGRESSIVE;
				CLANG_CXX_LANGUAGE_STANDARD = "gnu++14";
				CLANG_CXX_LIBRARY = "libc++";
				CLANG_ENABLE_MODULES = YES;
				CLANG_ENABLE_OBJC_ARC = YES;
				CLANG_ENABLE_OBJC_WEAK = YES;
				CLANG_WARN_BLOCK_CAPTURE_AUTORELEASING = YES;
				CLANG_WARN_BOOL_CONVERSION = YES;
				CLANG_WARN_COMMA = YES;
				CLANG_WARN_CONSTANT_CONVERSION = YES;
				CLANG_WARN_DEPRECATED_OBJC_IMPLEMENTATIONS = YES;
				CLANG_WARN_DIRECT_OBJC_ISA_USAGE = YES_ERROR;
				CLANG_WARN_DOCUMENTATION_COMMENTS = YES;
				CLANG_WARN_EMPTY_BODY = YES;
				CLANG_WARN_ENUM_CONVERSION = YES;
				CLANG_WARN_INFINITE_RECURSION = YES;
				CLANG_WARN_INT_CONVERSION = YES;
				CLANG_WARN_NON_LITERAL_NULL_CONVERSION = YES;
				CLANG_WARN_OBJC_IMPLICIT_RETAIN_SELF = YES;
				CLANG_WARN_OBJC_LITERAL_CONVERSION = YES;
				CLANG_WARN_OBJC_ROOT_CLASS = YES_ERROR;
				CLANG_WARN_RANGE_LOOP_ANALYSIS = YES;
				CLANG_WARN_STRICT_PROTOTYPES = YES;
				CLANG_WARN_SUSPICIOUS_MOVE = YES;
				CLANG_WARN_UNGUARDED_AVAILABILITY = YES_AGGRESSIVE;
				CLANG_WARN_UNREACHABLE_CODE = YES;
				CLANG_WARN__DUPLICATE_METHOD_MATCH = YES;
				CODE_SIGN_IDENTITY = "iPhone Developer";
				COPY_PHASE_STRIP = NO;
				DEBUG_INFORMATION_FORMAT = dwarf;
				ENABLE_STRICT_OBJC_MSGSEND = YES;
				ENABLE_TESTABILITY = YES;
				GCC_C_LANGUAGE_STANDARD = gnu11;
				GCC_DYNAMIC_NO_PIC = NO;
				GCC_NO_COMMON_BLOCKS = YES;
				GCC_OPTIMIZATION_LEVEL = 0;
				GCC_PREPROCESSOR_DEFINITIONS = (
					"DEBUG=1",
					"$(inherited)",
				);
				GCC_WARN_64_TO_32_BIT_CONVERSION = YES;
				GCC_WARN_ABOUT_RETURN_TYPE = YES_ERROR;
				GCC_WARN_UNDECLARED_SELECTOR = YES;
				GCC_WARN_UNINITIALIZED_AUTOS = YES_AGGRESSIVE;
				GCC_WARN_UNUSED_FUNCTION = YES;
				GCC_WARN_UNUSED_VARIABLE = YES;
				IPHONEOS_DEPLOYMENT_TARGET = 12.1;
				MTL_ENABLE_DEBUG_INFO = INCLUDE_SOURCE;
				MTL_FAST_MATH = YES;
				ONLY_ACTIVE_ARCH = YES;
				SDKROOT = iphoneos;
				SWIFT_ACTIVE_COMPILATION_CONDITIONS = DEBUG;
				SWIFT_OPTIMIZATION_LEVEL = "-Onone";
			};
			name = Debug;
		};
		847A241E2268868D006B9942 /* Release */ = {
			isa = XCBuildConfiguration;
			buildSettings = {
				ALWAYS_SEARCH_USER_PATHS = NO;
				CLANG_ANALYZER_NONNULL = YES;
				CLANG_ANALYZER_NUMBER_OBJECT_CONVERSION = YES_AGGRESSIVE;
				CLANG_CXX_LANGUAGE_STANDARD = "gnu++14";
				CLANG_CXX_LIBRARY = "libc++";
				CLANG_ENABLE_MODULES = YES;
				CLANG_ENABLE_OBJC_ARC = YES;
				CLANG_ENABLE_OBJC_WEAK = YES;
				CLANG_WARN_BLOCK_CAPTURE_AUTORELEASING = YES;
				CLANG_WARN_BOOL_CONVERSION = YES;
				CLANG_WARN_COMMA = YES;
				CLANG_WARN_CONSTANT_CONVERSION = YES;
				CLANG_WARN_DEPRECATED_OBJC_IMPLEMENTATIONS = YES;
				CLANG_WARN_DIRECT_OBJC_ISA_USAGE = YES_ERROR;
				CLANG_WARN_DOCUMENTATION_COMMENTS = YES;
				CLANG_WARN_EMPTY_BODY = YES;
				CLANG_WARN_ENUM_CONVERSION = YES;
				CLANG_WARN_INFINITE_RECURSION = YES;
				CLANG_WARN_INT_CONVERSION = YES;
				CLANG_WARN_NON_LITERAL_NULL_CONVERSION = YES;
				CLANG_WARN_OBJC_IMPLICIT_RETAIN_SELF = YES;
				CLANG_WARN_OBJC_LITERAL_CONVERSION = YES;
				CLANG_WARN_OBJC_ROOT_CLASS = YES_ERROR;
				CLANG_WARN_RANGE_LOOP_ANALYSIS = YES;
				CLANG_WARN_STRICT_PROTOTYPES = YES;
				CLANG_WARN_SUSPICIOUS_MOVE = YES;
				CLANG_WARN_UNGUARDED_AVAILABILITY = YES_AGGRESSIVE;
				CLANG_WARN_UNREACHABLE_CODE = YES;
				CLANG_WARN__DUPLICATE_METHOD_MATCH = YES;
				CODE_SIGN_IDENTITY = "iPhone Developer";
				COPY_PHASE_STRIP = NO;
				DEBUG_INFORMATION_FORMAT = "dwarf-with-dsym";
				ENABLE_NS_ASSERTIONS = NO;
				ENABLE_STRICT_OBJC_MSGSEND = YES;
				GCC_C_LANGUAGE_STANDARD = gnu11;
				GCC_NO_COMMON_BLOCKS = YES;
				GCC_WARN_64_TO_32_BIT_CONVERSION = YES;
				GCC_WARN_ABOUT_RETURN_TYPE = YES_ERROR;
				GCC_WARN_UNDECLARED_SELECTOR = YES;
				GCC_WARN_UNINITIALIZED_AUTOS = YES_AGGRESSIVE;
				GCC_WARN_UNUSED_FUNCTION = YES;
				GCC_WARN_UNUSED_VARIABLE = YES;
				IPHONEOS_DEPLOYMENT_TARGET = 12.1;
				MTL_ENABLE_DEBUG_INFO = NO;
				MTL_FAST_MATH = YES;
				SDKROOT = iphoneos;
				SWIFT_COMPILATION_MODE = wholemodule;
				SWIFT_OPTIMIZATION_LEVEL = "-O";
				VALIDATE_PRODUCT = YES;
			};
			name = Release;
		};
		847A24202268868D006B9942 /* Debug */ = {
			isa = XCBuildConfiguration;
			buildSettings = {
				ASSETCATALOG_COMPILER_APPICON_NAME = AppIcon;
				CODE_SIGN_STYLE = Automatic;
				DEVELOPMENT_TEAM = 4WQ87WW69X;
				INFOPLIST_FILE = Trivia/Info.plist;
				LD_RUNPATH_SEARCH_PATHS = (
					"$(inherited)",
					"@executable_path/Frameworks",
				);
				PRODUCT_BUNDLE_IDENTIFIER = com.AcknoTechRealMilkProject.Trivia;
				PRODUCT_NAME = "$(TARGET_NAME)";
				SWIFT_VERSION = 4.2;
				TARGETED_DEVICE_FAMILY = "1,2";
			};
			name = Debug;
		};
		847A24212268868D006B9942 /* Release */ = {
			isa = XCBuildConfiguration;
			buildSettings = {
				ASSETCATALOG_COMPILER_APPICON_NAME = AppIcon;
				CODE_SIGN_STYLE = Automatic;
				DEVELOPMENT_TEAM = 4WQ87WW69X;
				INFOPLIST_FILE = Trivia/Info.plist;
				LD_RUNPATH_SEARCH_PATHS = (
					"$(inherited)",
					"@executable_path/Frameworks",
				);
				PRODUCT_BUNDLE_IDENTIFIER = com.AcknoTechRealMilkProject.Trivia;
				PRODUCT_NAME = "$(TARGET_NAME)";
				SWIFT_VERSION = 4.2;
				TARGETED_DEVICE_FAMILY = "1,2";
			};
			name = Release;
		};
/* End XCBuildConfiguration section */

/* Begin XCConfigurationList section */
		847A24052268868B006B9942 /* Build configuration list for PBXProject "Trivia" */ = {
			isa = XCConfigurationList;
			buildConfigurations = (
				847A241D2268868D006B9942 /* Debug */,
				847A241E2268868D006B9942 /* Release */,
			);
			defaultConfigurationIsVisible = 0;
			defaultConfigurationName = Release;
		};
		847A241F2268868D006B9942 /* Build configuration list for PBXNativeTarget "Trivia" */ = {
			isa = XCConfigurationList;
			buildConfigurations = (
				847A24202268868D006B9942 /* Debug */,
				847A24212268868D006B9942 /* Release */,
			);
			defaultConfigurationIsVisible = 0;
			defaultConfigurationName = Release;
		};
/* End XCConfigurationList section */

/* Begin XCVersionGroup section */
		847A24142268868B006B9942 /* Trivia.xcdatamodeld */ = {
			isa = XCVersionGroup;
			children = (
				847A24152268868B006B9942 /* Trivia.xcdatamodel */,
			);
			currentVersion = 847A24152268868B006B9942 /* Trivia.xcdatamodel */;
			path = Trivia.xcdatamodeld;
			sourceTree = "<group>";
			versionGroupType = wrapper.xcdatamodel;
		};
/* End XCVersionGroup section */
	};
	rootObject = 847A24022268868B006B9942 /* Project object */;
}
